
Microsoft Visual Studio Solution File, Format Version 12.00
# Visual Studio 15
VisualStudioVersion = 15.0.27130.2027
MinimumVisualStudioVersion = 10.0.40219.1
Project("{FAE04EC0-301F-11D3-BF4B-00C04F79EFBC}") = "FF.Banking", "FF.Banking\FF.Banking.csproj", "{CCEBFB3F-79B9-423F-AA5F-EB19A9BC00EC}"
EndProject
Project("{FAE04EC0-301F-11D3-BF4B-00C04F79EFBC}") = "FF.BankingTests", "FF.BankingTests\FF.BankingTests.csproj", "{6F40A732-EB9E-4F8D-93C2-268D82EAD5FC}"
EndProject
Global
	GlobalSection(SolutionConfigurationPlatforms) = preSolution
		Debug|Any CPU = Debug|Any CPU
		Release|Any CPU = Release|Any CPU
	EndGlobalSection
	GlobalSection(ProjectConfigurationPlatforms) = postSolution
		{CCEBFB3F-79B9-423F-AA5F-EB19A9BC00EC}.Debug|Any CPU.ActiveCfg = Debug|Any CPU
		{CCEBFB3F-79B9-423F-AA5F-EB19A9BC00EC}.Debug|Any CPU.Build.0 = Debug|Any CPU
		{CCEBFB3F-79B9-423F-AA5F-EB19A9BC00EC}.Release|Any CPU.ActiveCfg = Release|Any CPU
		{CCEBFB3F-79B9-423F-AA5F-EB19A9BC00EC}.Release|Any CPU.Build.0 = Release|Any CPU
		{6F40A732-EB9E-4F8D-93C2-268D82EAD5FC}.Debug|Any CPU.ActiveCfg = Debug|Any CPU
		{6F40A732-EB9E-4F8D-93C2-268D82EAD5FC}.Debug|Any CPU.Build.0 = Debug|Any CPU
		{6F40A732-EB9E-4F8D-93C2-268D82EAD5FC}.Release|Any CPU.ActiveCfg = Release|Any CPU
		{6F40A732-EB9E-4F8D-93C2-268D82EAD5FC}.Release|Any CPU.Build.0 = Release|Any CPU
	EndGlobalSection
	GlobalSection(SolutionProperties) = preSolution
		HideSolutionNode = FALSE
	EndGlobalSection
	GlobalSection(ExtensibilityGlobals) = postSolution
		SolutionGuid = {C5C81374-0D4B-4EE2-BF5F-4BB1F7780D74}
	EndGlobalSection
EndGlobal
